// !$*UTF8*$!
{
	archiveVersion = 1;
	classes = {
	};
	objectVersion = 50;
	objects = {

/* Begin PBXBuildFile section */
		E217388E20A717380020FF30 /* SSASideMenu.swift in Sources */ = {isa = PBXBuildFile; fileRef = E217388D20A717380020FF30 /* SSASideMenu.swift */; };
		E217389020A71A2C0020FF30 /* LeftMenuViewController.swift in Sources */ = {isa = PBXBuildFile; fileRef = E217388F20A71A2C0020FF30 /* LeftMenuViewController.swift */; };
		E217389220A71A440020FF30 /* RightMenuViewController.swift in Sources */ = {isa = PBXBuildFile; fileRef = E217389120A71A440020FF30 /* RightMenuViewController.swift */; };
		E217389420A71A6E0020FF30 /* AboutViewController.swift in Sources */ = {isa = PBXBuildFile; fileRef = E217389320A71A6E0020FF30 /* AboutViewController.swift */; };
		E217389620A731FE0020FF30 /* InfoViewController.swift in Sources */ = {isa = PBXBuildFile; fileRef = E217389520A731FE0020FF30 /* InfoViewController.swift */; };
		E217389920A764FF0020FF30 /* SlidingUpPanel.swift in Sources */ = {isa = PBXBuildFile; fileRef = E217389820A764FF0020FF30 /* SlidingUpPanel.swift */; };
		E2467B1120A87A0F00C99BEA /* Extensions.swift in Sources */ = {isa = PBXBuildFile; fileRef = E2467B1020A87A0F00C99BEA /* Extensions.swift */; };
		E2467B1A20A8AAAC00C99BEA /* PinAnnotation.swift in Sources */ = {isa = PBXBuildFile; fileRef = E2467B1920A8AAAC00C99BEA /* PinAnnotation.swift */; };
		E299543320A0CE1D00B662EE /* AppDelegate.swift in Sources */ = {isa = PBXBuildFile; fileRef = E299543220A0CE1D00B662EE /* AppDelegate.swift */; };
		E299543520A0CE1D00B662EE /* HomeViewController.swift in Sources */ = {isa = PBXBuildFile; fileRef = E299543420A0CE1D00B662EE /* HomeViewController.swift */; };
		E299543820A0CE1D00B662EE /* Main.storyboard in Resources */ = {isa = PBXBuildFile; fileRef = E299543620A0CE1D00B662EE /* Main.storyboard */; };
		E299543A20A0CE1E00B662EE /* Assets.xcassets in Resources */ = {isa = PBXBuildFile; fileRef = E299543920A0CE1E00B662EE /* Assets.xcassets */; };
		E299543D20A0CE1E00B662EE /* LaunchScreen.storyboard in Resources */ = {isa = PBXBuildFile; fileRef = E299543B20A0CE1E00B662EE /* LaunchScreen.storyboard */; };
/* End PBXBuildFile section */

/* Begin PBXFileReference section */
		E217388D20A717380020FF30 /* SSASideMenu.swift */ = {isa = PBXFileReference; fileEncoding = 4; lastKnownFileType = sourcecode.swift; path = SSASideMenu.swift; sourceTree = "<group>"; };
		E217388F20A71A2C0020FF30 /* LeftMenuViewController.swift */ = {isa = PBXFileReference; lastKnownFileType = sourcecode.swift; path = LeftMenuViewController.swift; sourceTree = "<group>"; };
		E217389120A71A440020FF30 /* RightMenuViewController.swift */ = {isa = PBXFileReference; lastKnownFileType = sourcecode.swift; path = RightMenuViewController.swift; sourceTree = "<group>"; };
		E217389320A71A6E0020FF30 /* AboutViewController.swift */ = {isa = PBXFileReference; lastKnownFileType = sourcecode.swift; path = AboutViewController.swift; sourceTree = "<group>"; };
		E217389520A731FE0020FF30 /* InfoViewController.swift */ = {isa = PBXFileReference; lastKnownFileType = sourcecode.swift; path = InfoViewController.swift; sourceTree = "<group>"; };
		E217389820A764FF0020FF30 /* SlidingUpPanel.swift */ = {isa = PBXFileReference; lastKnownFileType = sourcecode.swift; path = SlidingUpPanel.swift; sourceTree = "<group>"; };
		E2467B1020A87A0F00C99BEA /* Extensions.swift */ = {isa = PBXFileReference; lastKnownFileType = sourcecode.swift; path = Extensions.swift; sourceTree = "<group>"; };
		E2467B1920A8AAAC00C99BEA /* PinAnnotation.swift */ = {isa = PBXFileReference; lastKnownFileType = sourcecode.swift; path = PinAnnotation.swift; sourceTree = "<group>"; };
		E299542F20A0CE1D00B662EE /* VivoFinder.app */ = {isa = PBXFileReference; explicitFileType = wrapper.application; includeInIndex = 0; path = VivoFinder.app; sourceTree = BUILT_PRODUCTS_DIR; };
		E299543220A0CE1D00B662EE /* AppDelegate.swift */ = {isa = PBXFileReference; lastKnownFileType = sourcecode.swift; path = AppDelegate.swift; sourceTree = "<group>"; };
		E299543420A0CE1D00B662EE /* HomeViewController.swift */ = {isa = PBXFileReference; lastKnownFileType = sourcecode.swift; path = HomeViewController.swift; sourceTree = "<group>"; };
		E299543720A0CE1D00B662EE /* Base */ = {isa = PBXFileReference; lastKnownFileType = file.storyboard; name = Base; path = Base.lproj/Main.storyboard; sourceTree = "<group>"; };
		E299543920A0CE1E00B662EE /* Assets.xcassets */ = {isa = PBXFileReference; lastKnownFileType = folder.assetcatalog; path = Assets.xcassets; sourceTree = "<group>"; };
		E299543C20A0CE1E00B662EE /* Base */ = {isa = PBXFileReference; lastKnownFileType = file.storyboard; name = Base; path = Base.lproj/LaunchScreen.storyboard; sourceTree = "<group>"; };
		E299543E20A0CE1E00B662EE /* Info.plist */ = {isa = PBXFileReference; lastKnownFileType = text.plist.xml; path = Info.plist; sourceTree = "<group>"; };
/* End PBXFileReference section */

/* Begin PBXFrameworksBuildPhase section */
		E299542C20A0CE1D00B662EE /* Frameworks */ = {
			isa = PBXFrameworksBuildPhase;
			buildActionMask = 2147483647;
			files = (
			);
			runOnlyForDeploymentPostprocessing = 0;
		};
/* End PBXFrameworksBuildPhase section */

/* Begin PBXGroup section */
		E217388820A712280020FF30 /* SSASideMenu */ = {
			isa = PBXGroup;
			children = (
				E217388D20A717380020FF30 /* SSASideMenu.swift */,
			);
			path = SSASideMenu;
			sourceTree = "<group>";
		};
		E217389720A764E70020FF30 /* Helper */ = {
			isa = PBXGroup;
			children = (
				E217389820A764FF0020FF30 /* SlidingUpPanel.swift */,
				E2467B1020A87A0F00C99BEA /* Extensions.swift */,
			);
			path = Helper;
			sourceTree = "<group>";
		};
		E2467B1820A8AA7100C99BEA /* Model */ = {
			isa = PBXGroup;
			children = (
				E2467B1920A8AAAC00C99BEA /* PinAnnotation.swift */,
			);
			path = Model;
			sourceTree = "<group>";
		};
		E299542620A0CE1D00B662EE = {
			isa = PBXGroup;
			children = (
				E299543120A0CE1D00B662EE /* VivoFinder */,
				E299543020A0CE1D00B662EE /* Products */,
			);
			sourceTree = "<group>";
		};
		E299543020A0CE1D00B662EE /* Products */ = {
			isa = PBXGroup;
			children = (
				E299542F20A0CE1D00B662EE /* VivoFinder.app */,
			);
			name = Products;
			sourceTree = "<group>";
		};
		E299543120A0CE1D00B662EE /* VivoFinder */ = {
			isa = PBXGroup;
			children = (
				E2467B1820A8AA7100C99BEA /* Model */,
				E217389720A764E70020FF30 /* Helper */,
				E217388820A712280020FF30 /* SSASideMenu */,
				E299544420A0D4A200B662EE /* Controller */,
				E299543220A0CE1D00B662EE /* AppDelegate.swift */,
				E299543620A0CE1D00B662EE /* Main.storyboard */,
				E299543920A0CE1E00B662EE /* Assets.xcassets */,
				E299543B20A0CE1E00B662EE /* LaunchScreen.storyboard */,
				E299543E20A0CE1E00B662EE /* Info.plist */,
			);
			path = VivoFinder;
			sourceTree = "<group>";
		};
		E299544420A0D4A200B662EE /* Controller */ = {
			isa = PBXGroup;
			children = (
				E299543420A0CE1D00B662EE /* HomeViewController.swift */,
				E217388F20A71A2C0020FF30 /* LeftMenuViewController.swift */,
				E217389120A71A440020FF30 /* RightMenuViewController.swift */,
				E217389320A71A6E0020FF30 /* AboutViewController.swift */,
				E217389520A731FE0020FF30 /* InfoViewController.swift */,
			);
			path = Controller;
			sourceTree = "<group>";
		};
/* End PBXGroup section */

/* Begin PBXNativeTarget section */
		E299542E20A0CE1D00B662EE /* VivoFinder */ = {
			isa = PBXNativeTarget;
			buildConfigurationList = E299544120A0CE1E00B662EE /* Build configuration list for PBXNativeTarget "VivoFinder" */;
			buildPhases = (
				E299542B20A0CE1D00B662EE /* Sources */,
				E299542C20A0CE1D00B662EE /* Frameworks */,
				E299542D20A0CE1D00B662EE /* Resources */,
			);
			buildRules = (
			);
			dependencies = (
			);
			name = VivoFinder;
			productName = VivoFinder;
			productReference = E299542F20A0CE1D00B662EE /* VivoFinder.app */;
			productType = "com.apple.product-type.application";
		};
/* End PBXNativeTarget section */

/* Begin PBXProject section */
		E299542720A0CE1D00B662EE /* Project object */ = {
			isa = PBXProject;
			attributes = {
				LastSwiftUpdateCheck = 0930;
				LastUpgradeCheck = 0930;
				ORGANIZATIONNAME = developersancho;
				TargetAttributes = {
					E299542E20A0CE1D00B662EE = {
						CreatedOnToolsVersion = 9.3;
					};
				};
			};
			buildConfigurationList = E299542A20A0CE1D00B662EE /* Build configuration list for PBXProject "VivoFinder" */;
			compatibilityVersion = "Xcode 9.3";
			developmentRegion = en;
			hasScannedForEncodings = 0;
			knownRegions = (
				en,
				Base,
			);
			mainGroup = E299542620A0CE1D00B662EE;
			productRefGroup = E299543020A0CE1D00B662EE /* Products */;
			projectDirPath = "";
			projectRoot = "";
			targets = (
				E299542E20A0CE1D00B662EE /* VivoFinder */,
			);
		};
/* End PBXProject section */

/* Begin PBXResourcesBuildPhase section */
		E299542D20A0CE1D00B662EE /* Resources */ = {
			isa = PBXResourcesBuildPhase;
			buildActionMask = 2147483647;
			files = (
				E299543D20A0CE1E00B662EE /* LaunchScreen.storyboard in Resources */,
				E299543A20A0CE1E00B662EE /* Assets.xcassets in Resources */,
				E299543820A0CE1D00B662EE /* Main.storyboard in Resources */,
			);
			runOnlyForDeploymentPostprocessing = 0;
		};
/* End PBXResourcesBuildPhase section */

/* Begin PBXSourcesBuildPhase section */
		E299542B20A0CE1D00B662EE /* Sources */ = {
			isa = PBXSourcesBuildPhase;
			buildActionMask = 2147483647;
			files = (
				E217389420A71A6E0020FF30 /* AboutViewController.swift in Sources */,
				E2467B1120A87A0F00C99BEA /* Extensions.swift in Sources */,
				E2467B1A20A8AAAC00C99BEA /* PinAnnotation.swift in Sources */,
				E217388E20A717380020FF30 /* SSASideMenu.swift in Sources */,
				E299543520A0CE1D00B662EE /* HomeViewController.swift in Sources */,
				E217389620A731FE0020FF30 /* InfoViewController.swift in Sources */,
				E217389020A71A2C0020FF30 /* LeftMenuViewController.swift in Sources */,
				E299543320A0CE1D00B662EE /* AppDelegate.swift in Sources */,
				E217389920A764FF0020FF30 /* SlidingUpPanel.swift in Sources */,
				E217389220A71A440020FF30 /* RightMenuViewController.swift in Sources */,
			);
			runOnlyForDeploymentPostprocessing = 0;
		};
/* End PBXSourcesBuildPhase section */

/* Begin PBXVariantGroup section */
		E299543620A0CE1D00B662EE /* Main.storyboard */ = {
			isa = PBXVariantGroup;
			children = (
				E299543720A0CE1D00B662EE /* Base */,
			);
			name = Main.storyboard;
			sourceTree = "<group>";
		};
		E299543B20A0CE1E00B662EE /* LaunchScreen.storyboard */ = {
			isa = PBXVariantGroup;
			children = (
				E299543C20A0CE1E00B662EE /* Base */,
			);
			name = LaunchScreen.storyboard;
			sourceTree = "<group>";
		};
/* End PBXVariantGroup section */

/* Begin XCBuildConfiguration section */
		E299543F20A0CE1E00B662EE /* Debug */ = {
			isa = XCBuildConfiguration;
			buildSettings = {
				ALWAYS_SEARCH_USER_PATHS = NO;
				CLANG_ANALYZER_NONNULL = YES;
				CLANG_ANALYZER_NUMBER_OBJECT_CONVERSION = YES_AGGRESSIVE;
				CLANG_CXX_LANGUAGE_STANDARD = "gnu++14";
				CLANG_CXX_LIBRARY = "libc++";
				CLANG_ENABLE_MODULES = YES;
				CLANG_ENABLE_OBJC_ARC = YES;
				CLANG_ENABLE_OBJC_WEAK = YES;
				CLANG_WARN_BLOCK_CAPTURE_AUTORELEASING = YES;
				CLANG_WARN_BOOL_CONVERSION = YES;
				CLANG_WARN_COMMA = YES;
				CLANG_WARN_CONSTANT_CONVERSION = YES;
				CLANG_WARN_DEPRECATED_OBJC_IMPLEMENTATIONS = YES;
				CLANG_WARN_DIRECT_OBJC_ISA_USAGE = YES_ERROR;
				CLANG_WARN_DOCUMENTATION_COMMENTS = YES;
				CLANG_WARN_EMPTY_BODY = YES;
				CLANG_WARN_ENUM_CONVERSION = YES;
				CLANG_WARN_INFINITE_RECURSION = YES;
				CLANG_WARN_INT_CONVERSION = YES;
				CLANG_WARN_NON_LITERAL_NULL_CONVERSION = YES;
				CLANG_WARN_OBJC_IMPLICIT_RETAIN_SELF = YES;
				CLANG_WARN_OBJC_LITERAL_CONVERSION = YES;
				CLANG_WARN_OBJC_ROOT_CLASS = YES_ERROR;
				CLANG_WARN_RANGE_LOOP_ANALYSIS = YES;
				CLANG_WARN_STRICT_PROTOTYPES = YES;
				CLANG_WARN_SUSPICIOUS_MOVE = YES;
				CLANG_WARN_UNGUARDED_AVAILABILITY = YES_AGGRESSIVE;
				CLANG_WARN_UNREACHABLE_CODE = YES;
				CLANG_WARN__DUPLICATE_METHOD_MATCH = YES;
				CODE_SIGN_IDENTITY = "iPhone Developer";
				COPY_PHASE_STRIP = NO;
				DEBUG_INFORMATION_FORMAT = dwarf;
				ENABLE_STRICT_OBJC_MSGSEND = YES;
				ENABLE_TESTABILITY = YES;
				GCC_C_LANGUAGE_STANDARD = gnu11;
				GCC_DYNAMIC_NO_PIC = NO;
				GCC_NO_COMMON_BLOCKS = YES;
				GCC_OPTIMIZATION_LEVEL = 0;
				GCC_PREPROCESSOR_DEFINITIONS = (
					"DEBUG=1",
					"$(inherited)",
				);
				GCC_WARN_64_TO_32_BIT_CONVERSION = YES;
				GCC_WARN_ABOUT_RETURN_TYPE = YES_ERROR;
				GCC_WARN_UNDECLARED_SELECTOR = YES;
				GCC_WARN_UNINITIALIZED_AUTOS = YES_AGGRESSIVE;
				GCC_WARN_UNUSED_FUNCTION = YES;
				GCC_WARN_UNUSED_VARIABLE = YES;
				IPHONEOS_DEPLOYMENT_TARGET = 11.3;
				MTL_ENABLE_DEBUG_INFO = YES;
				ONLY_ACTIVE_ARCH = YES;
				SDKROOT = iphoneos;
				SWIFT_ACTIVE_COMPILATION_CONDITIONS = DEBUG;
				SWIFT_OPTIMIZATION_LEVEL = "-Onone";
			};
			name = Debug;
		};
		E299544020A0CE1E00B662EE /* Release */ = {
			isa = XCBuildConfiguration;
			buildSettings = {
				ALWAYS_SEARCH_USER_PATHS = NO;
				CLANG_ANALYZER_NONNULL = YES;
				CLANG_ANALYZER_NUMBER_OBJECT_CONVERSION = YES_AGGRESSIVE;
				CLANG_CXX_LANGUAGE_STANDARD = "gnu++14";
				CLANG_CXX_LIBRARY = "libc++";
				CLANG_ENABLE_MODULES = YES;
				CLANG_ENABLE_OBJC_ARC = YES;
				CLANG_ENABLE_OBJC_WEAK = YES;
				CLANG_WARN_BLOCK_CAPTURE_AUTORELEASING = YES;
				CLANG_WARN_BOOL_CONVERSION = YES;
				CLANG_WARN_COMMA = YES;
				CLANG_WARN_CONSTANT_CONVERSION = YES;
				CLANG_WARN_DEPRECATED_OBJC_IMPLEMENTATIONS = YES;
				CLANG_WARN_DIRECT_OBJC_ISA_USAGE = YES_ERROR;
				CLANG_WARN_DOCUMENTATION_COMMENTS = YES;
				CLANG_WARN_EMPTY_BODY = YES;
				CLANG_WARN_ENUM_CONVERSION = YES;
				CLANG_WARN_INFINITE_RECURSION = YES;
				CLANG_WARN_INT_CONVERSION = YES;
				CLANG_WARN_NON_LITERAL_NULL_CONVERSION = YES;
				CLANG_WARN_OBJC_IMPLICIT_RETAIN_SELF = YES;
				CLANG_WARN_OBJC_LITERAL_CONVERSION = YES;
				CLANG_WARN_OBJC_ROOT_CLASS = YES_ERROR;
				CLANG_WARN_RANGE_LOOP_ANALYSIS = YES;
				CLANG_WARN_STRICT_PROTOTYPES = YES;
				CLANG_WARN_SUSPICIOUS_MOVE = YES;
				CLANG_WARN_UNGUARDED_AVAILABILITY = YES_AGGRESSIVE;
				CLANG_WARN_UNREACHABLE_CODE = YES;
				CLANG_WARN__DUPLICATE_METHOD_MATCH = YES;
				CODE_SIGN_IDENTITY = "iPhone Developer";
				COPY_PHASE_STRIP = NO;
				DEBUG_INFORMATION_FORMAT = "dwarf-with-dsym";
				ENABLE_NS_ASSERTIONS = NO;
				ENABLE_STRICT_OBJC_MSGSEND = YES;
				GCC_C_LANGUAGE_STANDARD = gnu11;
				GCC_NO_COMMON_BLOCKS = YES;
				GCC_WARN_64_TO_32_BIT_CONVERSION = YES;
				GCC_WARN_ABOUT_RETURN_TYPE = YES_ERROR;
				GCC_WARN_UNDECLARED_SELECTOR = YES;
				GCC_WARN_UNINITIALIZED_AUTOS = YES_AGGRESSIVE;
				GCC_WARN_UNUSED_FUNCTION = YES;
				GCC_WARN_UNUSED_VARIABLE = YES;
				IPHONEOS_DEPLOYMENT_TARGET = 11.3;
				MTL_ENABLE_DEBUG_INFO = NO;
				SDKROOT = iphoneos;
				SWIFT_COMPILATION_MODE = wholemodule;
				SWIFT_OPTIMIZATION_LEVEL = "-O";
				VALIDATE_PRODUCT = YES;
			};
			name = Release;
		};
		E299544220A0CE1E00B662EE /* Debug */ = {
			isa = XCBuildConfiguration;
			buildSettings = {
				ASSETCATALOG_COMPILER_APPICON_NAME = AppIcon;
				CODE_SIGN_STYLE = Automatic;
				DEVELOPMENT_TEAM = FN6T94F922;
				INFOPLIST_FILE = VivoFinder/Info.plist;
				IPHONEOS_DEPLOYMENT_TARGET = 10.0;
				LD_RUNPATH_SEARCH_PATHS = (
					"$(inherited)",
					"@executable_path/Frameworks",
				);
				PRODUCT_BUNDLE_IDENTIFIER = developersancho.VivoFinder;
				PRODUCT_NAME = "$(TARGET_NAME)";
				SWIFT_VERSION = 4.0;
				TARGETED_DEVICE_FAMILY = "1,2";
			};
			name = Debug;
		};
		E299544320A0CE1E00B662EE /* Release */ = {
			isa = XCBuildConfiguration;
			buildSettings = {
				ASSETCATALOG_COMPILER_APPICON_NAME = AppIcon;
				CODE_SIGN_STYLE = Automatic;
				DEVELOPMENT_TEAM = FN6T94F922;
				INFOPLIST_FILE = VivoFinder/Info.plist;
				IPHONEOS_DEPLOYMENT_TARGET = 10.0;
				LD_RUNPATH_SEARCH_PATHS = (
					"$(inherited)",
					"@executable_path/Frameworks",
				);
				PRODUCT_BUNDLE_IDENTIFIER = developersancho.VivoFinder;
				PRODUCT_NAME = "$(TARGET_NAME)";
				SWIFT_VERSION = 4.0;
				TARGETED_DEVICE_FAMILY = "1,2";
			};
			name = Release;
		};
/* End XCBuildConfiguration section */

/* Begin XCConfigurationList section */
		E299542A20A0CE1D00B662EE /* Build configuration list for PBXProject "VivoFinder" */ = {
			isa = XCConfigurationList;
			buildConfigurations = (
				E299543F20A0CE1E00B662EE /* Debug */,
				E299544020A0CE1E00B662EE /* Release */,
			);
			defaultConfigurationIsVisible = 0;
			defaultConfigurationName = Release;
		};
		E299544120A0CE1E00B662EE /* Build configuration list for PBXNativeTarget "VivoFinder" */ = {
			isa = XCConfigurationList;
			buildConfigurations = (
				E299544220A0CE1E00B662EE /* Debug */,
				E299544320A0CE1E00B662EE /* Release */,
			);
			defaultConfigurationIsVisible = 0;
			defaultConfigurationName = Release;
		};
/* End XCConfigurationList section */
	};
	rootObject = E299542720A0CE1D00B662EE /* Project object */;
}
